
Microsoft Visual Studio Solution File, Format Version 12.00
Project("{FAE04EC0-301F-11D3-BF4B-00C04F79EFBC}") = "Velopass", "Velopass\VelopassApi.csproj", "{4160B601-DF46-43D4-9830-4C332D9A0AD3}"
EndProject
Project("{2150E333-8FDC-42A3-9474-1A3956D46DE8}") = "Solution Items", "Solution Items", "{F6BB6066-5181-4A40-8C33-19F553C14AC5}"
	ProjectSection(SolutionItems) = preProject
		compose.yaml = compose.yaml
		compose-prod.yaml = compose-prod.yaml
		docker-compose-db.yaml = docker-compose-db.yaml
	EndProjectSection
EndProject
Project("{FAE04EC0-301F-11D3-BF4B-00C04F79EFBC}") = "Domain", "Domain\Domain.csproj", "{B80BBEF1-9151-43A0-98C7-A719EA1A139F}"
EndProject
Project("{FAE04EC0-301F-11D3-BF4B-00C04F79EFBC}") = "Database", "Database\Database.csproj", "{63F91415-16F0-47E0-8DF4-513BA5627F46}"
EndProject
Project("{FAE04EC0-301F-11D3-BF4B-00C04F79EFBC}") = "Shared", "Shared\Shared.csproj", "{762BE3E4-1172-4860-980A-91CB45435151}"
EndProject

Project("{2150E333-8FDC-42A3-9474-1A3956D46DE8}") = "Shared", "Shared", "{9508BF16-990A-45E3-94B3-77C39B58CE7A}"
EndProject
Project("{FAE04EC0-301F-11D3-BF4B-00C04F79EFBC}") = "Shared.Extensions.Tests", "SharedUtils\Extensions.Tests\Shared.Extensions.Tests.csproj", "{D419B0E5-1014-4702-948D-2709EAA26990}"
EndProject
Project("{FAE04EC0-301F-11D3-BF4B-00C04F79EFBC}") = "Shared.S3ObjectStorage.Tests", "SharedUtils\S3ObjectStorage.Tests\Shared.S3ObjectStorage.Tests.csproj", "{6620EAED-EE74-49A7-8F38-3CBA6CFB6E4B}"
EndProject
Project("{FAE04EC0-301F-11D3-BF4B-00C04F79EFBC}") = "Shared.Extensions", "SharedUtils\Extensions\Shared.Extensions.csproj", "{1FD5A090-FD6D-4D13-BBC8-8B6EE86A8B10}"
EndProject
Project("{FAE04EC0-301F-11D3-BF4B-00C04F79EFBC}") = "Shared.Database", "SharedUtils\Database\Shared.Database.csproj", "{E7435329-4E3F-4844-95F0-F6F88CC838BA}"
EndProject
Project("{FAE04EC0-301F-11D3-BF4B-00C04F79EFBC}") = "Shared.Domain", "SharedUtils\Domain\Shared.Domain.csproj", "{DC0FC432-F926-46AB-A1F8-7CFFFFCAF483}"
EndProject
Project("{FAE04EC0-301F-11D3-BF4B-00C04F79EFBC}") = "Shared.S3ObjectStorage.Domain", "SharedUtils\S3ObjectStorage.Domain\Shared.S3ObjectStorage.Domain.csproj", "{B6413ADF-E6A7-41E1-BE86-788CB533CEA3}"
EndProject
Project("{FAE04EC0-301F-11D3-BF4B-00C04F79EFBC}") = "Shared.S3ObjectStorage.EF", "SharedUtils\S3ObjectStorage.EF\Shared.S3ObjectStorage.EF.csproj", "{A0E97D80-93AA-4A73-BCCE-3448B95AB083}"
EndProject
Project("{2150E333-8FDC-42A3-9474-1A3956D46DE8}") = "Tests", "Tests", "{BA2E319A-0355-4099-97FB-E11E9F82070A}"
EndProject
Global
	GlobalSection(SolutionConfigurationPlatforms) = preSolution
		Debug|Any CPU = Debug|Any CPU
		Release|Any CPU = Release|Any CPU
	EndGlobalSection
	GlobalSection(ProjectConfigurationPlatforms) = postSolution
		{4160B601-DF46-43D4-9830-4C332D9A0AD3}.Debug|Any CPU.ActiveCfg = Debug|Any CPU
		{4160B601-DF46-43D4-9830-4C332D9A0AD3}.Debug|Any CPU.Build.0 = Debug|Any CPU
		{4160B601-DF46-43D4-9830-4C332D9A0AD3}.Release|Any CPU.ActiveCfg = Release|Any CPU
		{4160B601-DF46-43D4-9830-4C332D9A0AD3}.Release|Any CPU.Build.0 = Release|Any CPU
		{B80BBEF1-9151-43A0-98C7-A719EA1A139F}.Debug|Any CPU.ActiveCfg = Debug|Any CPU
		{B80BBEF1-9151-43A0-98C7-A719EA1A139F}.Debug|Any CPU.Build.0 = Debug|Any CPU
		{B80BBEF1-9151-43A0-98C7-A719EA1A139F}.Release|Any CPU.ActiveCfg = Release|Any CPU
		{B80BBEF1-9151-43A0-98C7-A719EA1A139F}.Release|Any CPU.Build.0 = Release|Any CPU
		{63F91415-16F0-47E0-8DF4-513BA5627F46}.Debug|Any CPU.ActiveCfg = Debug|Any CPU
		{63F91415-16F0-47E0-8DF4-513BA5627F46}.Debug|Any CPU.Build.0 = Debug|Any CPU
		{63F91415-16F0-47E0-8DF4-513BA5627F46}.Release|Any CPU.ActiveCfg = Release|Any CPU
		{63F91415-16F0-47E0-8DF4-513BA5627F46}.Release|Any CPU.Build.0 = Release|Any CPU
		{762BE3E4-1172-4860-980A-91CB45435151}.Debug|Any CPU.ActiveCfg = Debug|Any CPU
		{762BE3E4-1172-4860-980A-91CB45435151}.Debug|Any CPU.Build.0 = Debug|Any CPU
		{762BE3E4-1172-4860-980A-91CB45435151}.Release|Any CPU.ActiveCfg = Release|Any CPU
		{762BE3E4-1172-4860-980A-91CB45435151}.Release|Any CPU.Build.0 = Release|Any CPU
		{E7435329-4E3F-4844-95F0-F6F88CC838BA}.Debug|Any CPU.ActiveCfg = Debug|Any CPU
		{E7435329-4E3F-4844-95F0-F6F88CC838BA}.Debug|Any CPU.Build.0 = Debug|Any CPU
		{DC0FC432-F926-46AB-A1F8-7CFFFFCAF483}.Debug|Any CPU.ActiveCfg = Debug|Any CPU
		{DC0FC432-F926-46AB-A1F8-7CFFFFCAF483}.Debug|Any CPU.Build.0 = Debug|Any CPU
		{1FD5A090-FD6D-4D13-BBC8-8B6EE86A8B10}.Debug|Any CPU.ActiveCfg = Debug|Any CPU
		{1FD5A090-FD6D-4D13-BBC8-8B6EE86A8B10}.Debug|Any CPU.Build.0 = Debug|Any CPU
		{D419B0E5-1014-4702-948D-2709EAA26990}.Debug|Any CPU.ActiveCfg = Debug|Any CPU
		{D419B0E5-1014-4702-948D-2709EAA26990}.Debug|Any CPU.Build.0 = Debug|Any CPU
		{B6413ADF-E6A7-41E1-BE86-788CB533CEA3}.Debug|Any CPU.ActiveCfg = Debug|Any CPU
		{B6413ADF-E6A7-41E1-BE86-788CB533CEA3}.Debug|Any CPU.Build.0 = Debug|Any CPU
		{A0E97D80-93AA-4A73-BCCE-3448B95AB083}.Debug|Any CPU.ActiveCfg = Debug|Any CPU
		{A0E97D80-93AA-4A73-BCCE-3448B95AB083}.Debug|Any CPU.Build.0 = Debug|Any CPU
		{6620EAED-EE74-49A7-8F38-3CBA6CFB6E4B}.Debug|Any CPU.ActiveCfg = Debug|Any CPU
		{6620EAED-EE74-49A7-8F38-3CBA6CFB6E4B}.Debug|Any CPU.Build.0 = Debug|Any CPU
	EndGlobalSection
	GlobalSection(NestedProjects) = preSolution
		{6620EAED-EE74-49A7-8F38-3CBA6CFB6E4B} = {BA2E319A-0355-4099-97FB-E11E9F82070A}
		{B6413ADF-E6A7-41E1-BE86-788CB533CEA3} = {9508BF16-990A-45E3-94B3-77C39B58CE7A}
		{D419B0E5-1014-4702-948D-2709EAA26990} = {BA2E319A-0355-4099-97FB-E11E9F82070A}
		{E7435329-4E3F-4844-95F0-F6F88CC838BA} = {9508BF16-990A-45E3-94B3-77C39B58CE7A}
		{DC0FC432-F926-46AB-A1F8-7CFFFFCAF483} = {9508BF16-990A-45E3-94B3-77C39B58CE7A}
		{1FD5A090-FD6D-4D13-BBC8-8B6EE86A8B10} = {9508BF16-990A-45E3-94B3-77C39B58CE7A}
		{A0E97D80-93AA-4A73-BCCE-3448B95AB083} = {9508BF16-990A-45E3-94B3-77C39B58CE7A}
	EndGlobalSection
EndGlobal
